
Microsoft Visual Studio Solution File, Format Version 12.00
Project("{FAE04EC0-301F-11D3-BF4B-00C04F79EFBC}") = "MyTemplateClean.Domain", "MyTemplateClean.Domain\MyTemplateClean.Domain.csproj", "{7419AC05-C707-4A81-AD3B-9124AF61B0A5}"
EndProject
Project("{FAE04EC0-301F-11D3-BF4B-00C04F79EFBC}") = "MyTemplateClean.Application", "MyTemplateClean.Application\MyTemplateClean.Application.csproj", "{570A5B18-2049-4D65-A6C6-E88A9E219324}"
EndProject
Project("{FAE04EC0-301F-11D3-BF4B-00C04F79EFBC}") = "MyTemplateClean.Infrastructure", "MyTemplateClean.Infrastructure\MyTemplateClean.Infrastructure.csproj", "{92A82380-9CEE-4BF0-AB93-422E21BD29B5}"
EndProject
Project("{FAE04EC0-301F-11D3-BF4B-00C04F79EFBC}") = "MyTemplateClean.Shared", "MyTemplateClean.Shared\MyTemplateClean.Shared.csproj", "{E0C4F4C3-8E50-4F88-B5BC-8A1D717B3C8C}"
EndProject
Project("{FAE04EC0-301F-11D3-BF4B-00C04F79EFBC}") = "MyTemplateClean.Api", "MyTemplateClean.Api\MyTemplateClean.Api.csproj", "{FA5FD858-B763-45A4-9D1F-46E28030564C}"
EndProject
Project("{2150E333-8FDC-42A3-9474-1A3956D46DE8}") = "src", "src", "{DA826B3F-A7C3-4DCA-9739-3BE4FD3DD1C4}"
EndProject
Project("{2150E333-8FDC-42A3-9474-1A3956D46DE8}") = "tests", "tests", "{2B946877-84F1-42F3-B917-CAADACF2CE15}"
EndProject
Project("{FAE04EC0-301F-11D3-BF4B-00C04F79EFBC}") = "MyTemplateClean.BuildingBlocks", "MyTemplateClean.BuildingBlocks\MyTemplateClean.BuildingBlocks.csproj", "{F2B57EFC-06A3-42B1-933B-D55AE4E96584}"
EndProject
Global
	GlobalSection(SolutionConfigurationPlatforms) = preSolution
		Debug|Any CPU = Debug|Any CPU
		Release|Any CPU = Release|Any CPU
	EndGlobalSection
	GlobalSection(ProjectConfigurationPlatforms) = postSolution
		{7419AC05-C707-4A81-AD3B-9124AF61B0A5}.Debug|Any CPU.ActiveCfg = Debug|Any CPU
		{7419AC05-C707-4A81-AD3B-9124AF61B0A5}.Debug|Any CPU.Build.0 = Debug|Any CPU
		{7419AC05-C707-4A81-AD3B-9124AF61B0A5}.Release|Any CPU.ActiveCfg = Release|Any CPU
		{7419AC05-C707-4A81-AD3B-9124AF61B0A5}.Release|Any CPU.Build.0 = Release|Any CPU
		{570A5B18-2049-4D65-A6C6-E88A9E219324}.Debug|Any CPU.ActiveCfg = Debug|Any CPU
		{570A5B18-2049-4D65-A6C6-E88A9E219324}.Debug|Any CPU.Build.0 = Debug|Any CPU
		{570A5B18-2049-4D65-A6C6-E88A9E219324}.Release|Any CPU.ActiveCfg = Release|Any CPU
		{570A5B18-2049-4D65-A6C6-E88A9E219324}.Release|Any CPU.Build.0 = Release|Any CPU
		{92A82380-9CEE-4BF0-AB93-422E21BD29B5}.Debug|Any CPU.ActiveCfg = Debug|Any CPU
		{92A82380-9CEE-4BF0-AB93-422E21BD29B5}.Debug|Any CPU.Build.0 = Debug|Any CPU
		{92A82380-9CEE-4BF0-AB93-422E21BD29B5}.Release|Any CPU.ActiveCfg = Release|Any CPU
		{92A82380-9CEE-4BF0-AB93-422E21BD29B5}.Release|Any CPU.Build.0 = Release|Any CPU
		{E0C4F4C3-8E50-4F88-B5BC-8A1D717B3C8C}.Debug|Any CPU.ActiveCfg = Debug|Any CPU
		{E0C4F4C3-8E50-4F88-B5BC-8A1D717B3C8C}.Debug|Any CPU.Build.0 = Debug|Any CPU
		{E0C4F4C3-8E50-4F88-B5BC-8A1D717B3C8C}.Release|Any CPU.ActiveCfg = Release|Any CPU
		{E0C4F4C3-8E50-4F88-B5BC-8A1D717B3C8C}.Release|Any CPU.Build.0 = Release|Any CPU
		{FA5FD858-B763-45A4-9D1F-46E28030564C}.Debug|Any CPU.ActiveCfg = Debug|Any CPU
		{FA5FD858-B763-45A4-9D1F-46E28030564C}.Debug|Any CPU.Build.0 = Debug|Any CPU
		{FA5FD858-B763-45A4-9D1F-46E28030564C}.Release|Any CPU.ActiveCfg = Release|Any CPU
		{FA5FD858-B763-45A4-9D1F-46E28030564C}.Release|Any CPU.Build.0 = Release|Any CPU
		{F2B57EFC-06A3-42B1-933B-D55AE4E96584}.Debug|Any CPU.ActiveCfg = Debug|Any CPU
		{F2B57EFC-06A3-42B1-933B-D55AE4E96584}.Debug|Any CPU.Build.0 = Debug|Any CPU
		{F2B57EFC-06A3-42B1-933B-D55AE4E96584}.Release|Any CPU.ActiveCfg = Release|Any CPU
		{F2B57EFC-06A3-42B1-933B-D55AE4E96584}.Release|Any CPU.Build.0 = Release|Any CPU
	EndGlobalSection
	GlobalSection(NestedProjects) = preSolution
		{FA5FD858-B763-45A4-9D1F-46E28030564C} = {DA826B3F-A7C3-4DCA-9739-3BE4FD3DD1C4}
		{570A5B18-2049-4D65-A6C6-E88A9E219324} = {DA826B3F-A7C3-4DCA-9739-3BE4FD3DD1C4}
		{7419AC05-C707-4A81-AD3B-9124AF61B0A5} = {DA826B3F-A7C3-4DCA-9739-3BE4FD3DD1C4}
		{92A82380-9CEE-4BF0-AB93-422E21BD29B5} = {DA826B3F-A7C3-4DCA-9739-3BE4FD3DD1C4}
		{E0C4F4C3-8E50-4F88-B5BC-8A1D717B3C8C} = {DA826B3F-A7C3-4DCA-9739-3BE4FD3DD1C4}
		{F2B57EFC-06A3-42B1-933B-D55AE4E96584} = {DA826B3F-A7C3-4DCA-9739-3BE4FD3DD1C4}
	EndGlobalSection
EndGlobal
